
Microsoft Visual Studio Solution File, Format Version 12.00
# Visual Studio 15
Project("{FAE04EC0-301F-11D3-BF4B-00C04F79EFBC}") = "XamarinSaturday.Android", "XamarinSaturday.Android\XamarinSaturday.Android.csproj", "{2D52F943-34B3-45B6-A18A-CD00A3996F9C}"
EndProject
Project("{FAE04EC0-301F-11D3-BF4B-00C04F79EFBC}") = "XamarinSaturday.iOS", "XamarinSaturday.iOS\XamarinSaturday.iOS.csproj", "{E607C46F-C19A-44C5-B588-2D399BD93652}"
EndProject
Project("{FAE04EC0-301F-11D3-BF4B-00C04F79EFBC}") = "XamarinSaturday", "XamarinSaturday\XamarinSaturday.csproj", "{8985442D-7FDE-41DA-8767-AE3C252A2D47}"
EndProject
Global
	GlobalSection(SolutionConfigurationPlatforms) = preSolution
		Debug|Any CPU = Debug|Any CPU
		Release|Any CPU = Release|Any CPU
		Debug|iPhoneSimulator = Debug|iPhoneSimulator
		Release|iPhoneSimulator = Release|iPhoneSimulator
		Debug|iPhone = Debug|iPhone
		Release|iPhone = Release|iPhone
	EndGlobalSection
	GlobalSection(ProjectConfigurationPlatforms) = postSolution
		{2D52F943-34B3-45B6-A18A-CD00A3996F9C}.Debug|Any CPU.ActiveCfg = Debug|Any CPU
		{2D52F943-34B3-45B6-A18A-CD00A3996F9C}.Debug|Any CPU.Build.0 = Debug|Any CPU
		{2D52F943-34B3-45B6-A18A-CD00A3996F9C}.Release|Any CPU.ActiveCfg = Release|Any CPU
		{2D52F943-34B3-45B6-A18A-CD00A3996F9C}.Release|Any CPU.Build.0 = Release|Any CPU
		{2D52F943-34B3-45B6-A18A-CD00A3996F9C}.Debug|iPhoneSimulator.ActiveCfg = Debug|Any CPU
		{2D52F943-34B3-45B6-A18A-CD00A3996F9C}.Debug|iPhoneSimulator.Build.0 = Debug|Any CPU
		{2D52F943-34B3-45B6-A18A-CD00A3996F9C}.Release|iPhoneSimulator.ActiveCfg = Release|Any CPU
		{2D52F943-34B3-45B6-A18A-CD00A3996F9C}.Release|iPhoneSimulator.Build.0 = Release|Any CPU
		{2D52F943-34B3-45B6-A18A-CD00A3996F9C}.Debug|iPhone.ActiveCfg = Debug|Any CPU
		{2D52F943-34B3-45B6-A18A-CD00A3996F9C}.Debug|iPhone.Build.0 = Debug|Any CPU
		{2D52F943-34B3-45B6-A18A-CD00A3996F9C}.Release|iPhone.ActiveCfg = Release|Any CPU
		{2D52F943-34B3-45B6-A18A-CD00A3996F9C}.Release|iPhone.Build.0 = Release|Any CPU
		{E607C46F-C19A-44C5-B588-2D399BD93652}.Debug|Any CPU.ActiveCfg = Debug|iPhoneSimulator
		{E607C46F-C19A-44C5-B588-2D399BD93652}.Debug|Any CPU.Build.0 = Debug|iPhoneSimulator
		{E607C46F-C19A-44C5-B588-2D399BD93652}.Release|Any CPU.ActiveCfg = Release|iPhoneSimulator
		{E607C46F-C19A-44C5-B588-2D399BD93652}.Release|Any CPU.Build.0 = Release|iPhoneSimulator
		{E607C46F-C19A-44C5-B588-2D399BD93652}.Debug|iPhoneSimulator.ActiveCfg = Debug|iPhoneSimulator
		{E607C46F-C19A-44C5-B588-2D399BD93652}.Debug|iPhoneSimulator.Build.0 = Debug|iPhoneSimulator
		{E607C46F-C19A-44C5-B588-2D399BD93652}.Release|iPhoneSimulator.ActiveCfg = Release|iPhoneSimulator
		{E607C46F-C19A-44C5-B588-2D399BD93652}.Release|iPhoneSimulator.Build.0 = Release|iPhoneSimulator
		{E607C46F-C19A-44C5-B588-2D399BD93652}.Debug|iPhone.ActiveCfg = Debug|iPhone
		{E607C46F-C19A-44C5-B588-2D399BD93652}.Debug|iPhone.Build.0 = Debug|iPhone
		{E607C46F-C19A-44C5-B588-2D399BD93652}.Release|iPhone.ActiveCfg = Release|iPhone
		{E607C46F-C19A-44C5-B588-2D399BD93652}.Release|iPhone.Build.0 = Release|iPhone
		{8985442D-7FDE-41DA-8767-AE3C252A2D47}.Debug|Any CPU.ActiveCfg = Debug|Any CPU
		{8985442D-7FDE-41DA-8767-AE3C252A2D47}.Debug|Any CPU.Build.0 = Debug|Any CPU
		{8985442D-7FDE-41DA-8767-AE3C252A2D47}.Release|Any CPU.ActiveCfg = Release|Any CPU
		{8985442D-7FDE-41DA-8767-AE3C252A2D47}.Release|Any CPU.Build.0 = Release|Any CPU
		{8985442D-7FDE-41DA-8767-AE3C252A2D47}.Debug|iPhoneSimulator.ActiveCfg = Debug|Any CPU
		{8985442D-7FDE-41DA-8767-AE3C252A2D47}.Debug|iPhoneSimulator.Build.0 = Debug|Any CPU
		{8985442D-7FDE-41DA-8767-AE3C252A2D47}.Release|iPhoneSimulator.ActiveCfg = Release|Any CPU
		{8985442D-7FDE-41DA-8767-AE3C252A2D47}.Release|iPhoneSimulator.Build.0 = Release|Any CPU
		{8985442D-7FDE-41DA-8767-AE3C252A2D47}.Debug|iPhone.ActiveCfg = Debug|Any CPU
		{8985442D-7FDE-41DA-8767-AE3C252A2D47}.Debug|iPhone.Build.0 = Debug|Any CPU
		{8985442D-7FDE-41DA-8767-AE3C252A2D47}.Release|iPhone.ActiveCfg = Release|Any CPU
		{8985442D-7FDE-41DA-8767-AE3C252A2D47}.Release|iPhone.Build.0 = Release|Any CPU
	EndGlobalSection
EndGlobal
